// !$*UTF8*$!
{
	archiveVersion = 1;
	classes = {
	};
	objectVersion = 77;
	objects = {

/* Begin PBXBuildFile section */
		0A5AA47F34156D3A940C8481 /* APIKeyStore.swift in Sources */ = {isa = PBXBuildFile; fileRef = 1EF98AE5B9C9FEF866582BEC /* APIKeyStore.swift */; };
		18BB6E7EECAC5B47104B056B /* OFL.txt in Resources */ = {isa = PBXBuildFile; fileRef = 1939391E66BFD2D453D27E05 /* OFL.txt */; };
		22E954EAD255AA14EAA2EBD2 /* QuotaAccessState.swift in Sources */ = {isa = PBXBuildFile; fileRef = 1017C45827EC218BB0FC48DF /* QuotaAccessState.swift */; };
		3697E3C31F15A42D2E3AF654 /* QuotaSnapshot.swift in Sources */ = {isa = PBXBuildFile; fileRef = 20154FE33FF34E5B80836179 /* QuotaSnapshot.swift */; };
		4D6ACEBFFE5F4D3CA95BBA6A /* SynViewApp.swift in Sources */ = {isa = PBXBuildFile; fileRef = 5435F0FFB4958EE18E609BB9 /* SynViewApp.swift */; };
		51772FED46016927F9896F41 /* AppAppearance.swift in Sources */ = {isa = PBXBuildFile; fileRef = 55AB9F77DA35D6FB6831DA1B /* AppAppearance.swift */; };
		6013991B2B103C432E584BE7 /* Assets.xcassets in Resources */ = {isa = PBXBuildFile; fileRef = 13F4EFD20F941B2B9387898D /* Assets.xcassets */; };
		633BAB0DF9D7BFE40ADA1B3A /* LilitaOne-Regular.ttf in Resources */ = {isa = PBXBuildFile; fileRef = 5D35423C693D9C4C8DBA63D8 /* LilitaOne-Regular.ttf */; };
		77BBACDB6661B7BA4A5DEDC6 /* Style.swift in Sources */ = {isa = PBXBuildFile; fileRef = 41A907B99741A3E1788D7F03 /* Style.swift */; };
		8C837C7174871A195A7AED4C /* UsageLayout.swift in Sources */ = {isa = PBXBuildFile; fileRef = EE0F63775419D4D6BBF01C1B /* UsageLayout.swift */; };
		A3D9EA06B2EAAF82D0D7400B /* QuotaSnapshotTests.swift in Sources */ = {isa = PBXBuildFile; fileRef = 539BEDFCF6EE59CA77EFA1C9 /* QuotaSnapshotTests.swift */; };
		AC8981E481A68315AFD3486D /* SettingsView.swift in Sources */ = {isa = PBXBuildFile; fileRef = BD217A0293E0AB2FF76466BA /* SettingsView.swift */; };
		D0975CC115D3BAE7CA9ED5F8 /* SyntheticClient.swift in Sources */ = {isa = PBXBuildFile; fileRef = 136377BB27CE1C317A131288 /* SyntheticClient.swift */; };
		D747B3AA2F59877F8E04267C /* UsageStore.swift in Sources */ = {isa = PBXBuildFile; fileRef = DFB4029C87CE88B74AD0A5E3 /* UsageStore.swift */; };
		D8B4F8CBD56D9D5D850C1364 /* DashboardView.swift in Sources */ = {isa = PBXBuildFile; fileRef = D1C6FD6436ECF7EE3027CB28 /* DashboardView.swift */; };
		FA13C769A0B85B5B655323C9 /* SetupView.swift in Sources */ = {isa = PBXBuildFile; fileRef = C4390F70B860472444A49917 /* SetupView.swift */; };
		FE2F6238BD9B7C309FB735B3 /* RootView.swift in Sources */ = {isa = PBXBuildFile; fileRef = EAF25DE63E9DF3A3D87FADBB /* RootView.swift */; };
/* End PBXBuildFile section */

/* Begin PBXContainerItemProxy section */
		B031FC7AD8EF38640F4D5272 /* PBXContainerItemProxy */ = {
			isa = PBXContainerItemProxy;
			containerPortal = A1E47707E6DDD81720E9DF9B /* Project object */;
			proxyType = 1;
			remoteGlobalIDString = CF6B7BB5DF13DEF506707A1E;
			remoteInfo = SynView;
		};
/* End PBXContainerItemProxy section */

/* Begin PBXFileReference section */
		1017C45827EC218BB0FC48DF /* QuotaAccessState.swift */ = {isa = PBXFileReference; lastKnownFileType = sourcecode.swift; path = QuotaAccessState.swift; sourceTree = "<group>"; };
		136377BB27CE1C317A131288 /* SyntheticClient.swift */ = {isa = PBXFileReference; lastKnownFileType = sourcecode.swift; path = SyntheticClient.swift; sourceTree = "<group>"; };
		13F4EFD20F941B2B9387898D /* Assets.xcassets */ = {isa = PBXFileReference; lastKnownFileType = folder.assetcatalog; path = Assets.xcassets; sourceTree = "<group>"; };
		1939391E66BFD2D453D27E05 /* OFL.txt */ = {isa = PBXFileReference; lastKnownFileType = text; path = OFL.txt; sourceTree = "<group>"; };
		1C83EB9B3B6214BFF9B082A4 /* SynView.app */ = {isa = PBXFileReference; includeInIndex = 0; lastKnownFileType = wrapper.application; path = SynView.app; sourceTree = BUILT_PRODUCTS_DIR; };
		1EF98AE5B9C9FEF866582BEC /* APIKeyStore.swift */ = {isa = PBXFileReference; lastKnownFileType = sourcecode.swift; path = APIKeyStore.swift; sourceTree = "<group>"; };
		20154FE33FF34E5B80836179 /* QuotaSnapshot.swift */ = {isa = PBXFileReference; lastKnownFileType = sourcecode.swift; path = QuotaSnapshot.swift; sourceTree = "<group>"; };
		41A907B99741A3E1788D7F03 /* Style.swift */ = {isa = PBXFileReference; lastKnownFileType = sourcecode.swift; path = Style.swift; sourceTree = "<group>"; };
		539BEDFCF6EE59CA77EFA1C9 /* QuotaSnapshotTests.swift */ = {isa = PBXFileReference; lastKnownFileType = sourcecode.swift; path = QuotaSnapshotTests.swift; sourceTree = "<group>"; };
		5435F0FFB4958EE18E609BB9 /* SynViewApp.swift */ = {isa = PBXFileReference; lastKnownFileType = sourcecode.swift; path = SynViewApp.swift; sourceTree = "<group>"; };
		55AB9F77DA35D6FB6831DA1B /* AppAppearance.swift */ = {isa = PBXFileReference; lastKnownFileType = sourcecode.swift; path = AppAppearance.swift; sourceTree = "<group>"; };
		5D35423C693D9C4C8DBA63D8 /* LilitaOne-Regular.ttf */ = {isa = PBXFileReference; lastKnownFileType = file; path = "LilitaOne-Regular.ttf"; sourceTree = "<group>"; };
		7D350C7940491E7B8732EF44 /* Info.plist */ = {isa = PBXFileReference; lastKnownFileType = text.plist; path = Info.plist; sourceTree = "<group>"; };
		B80965AEF67833C9EB9DC6DD /* SynViewTests.xctest */ = {isa = PBXFileReference; includeInIndex = 0; lastKnownFileType = wrapper.cfbundle; path = SynViewTests.xctest; sourceTree = BUILT_PRODUCTS_DIR; };
		BD217A0293E0AB2FF76466BA /* SettingsView.swift */ = {isa = PBXFileReference; lastKnownFileType = sourcecode.swift; path = SettingsView.swift; sourceTree = "<group>"; };
		C4390F70B860472444A49917 /* SetupView.swift */ = {isa = PBXFileReference; lastKnownFileType = sourcecode.swift; path = SetupView.swift; sourceTree = "<group>"; };
		D1C6FD6436ECF7EE3027CB28 /* DashboardView.swift */ = {isa = PBXFileReference; lastKnownFileType = sourcecode.swift; path = DashboardView.swift; sourceTree = "<group>"; };
		DFB4029C87CE88B74AD0A5E3 /* UsageStore.swift */ = {isa = PBXFileReference; lastKnownFileType = sourcecode.swift; path = UsageStore.swift; sourceTree = "<group>"; };
		EAF25DE63E9DF3A3D87FADBB /* RootView.swift */ = {isa = PBXFileReference; lastKnownFileType = sourcecode.swift; path = RootView.swift; sourceTree = "<group>"; };
		EE0F63775419D4D6BBF01C1B /* UsageLayout.swift */ = {isa = PBXFileReference; lastKnownFileType = sourcecode.swift; path = UsageLayout.swift; sourceTree = "<group>"; };
/* End PBXFileReference section */

/* Begin PBXGroup section */
		1748B6688A399C6E7F025A81 = {
			isa = PBXGroup;
			children = (
				721AE2D86CEBA3D2971956A1 /* SynView */,
				211D462C7E833B08BA87DCFF /* SynViewTests */,
				67C79703BED596995C391535 /* Products */,
			);
			sourceTree = "<group>";
		};
		211D462C7E833B08BA87DCFF /* SynViewTests */ = {
			isa = PBXGroup;
			children = (
				539BEDFCF6EE59CA77EFA1C9 /* QuotaSnapshotTests.swift */,
			);
			path = SynViewTests;
			sourceTree = "<group>";
		};
		58F99E31ACE31541CC341BF9 /* Views */ = {
			isa = PBXGroup;
			children = (
				D1C6FD6436ECF7EE3027CB28 /* DashboardView.swift */,
				EAF25DE63E9DF3A3D87FADBB /* RootView.swift */,
				BD217A0293E0AB2FF76466BA /* SettingsView.swift */,
				C4390F70B860472444A49917 /* SetupView.swift */,
				41A907B99741A3E1788D7F03 /* Style.swift */,
			);
			path = Views;
			sourceTree = "<group>";
		};
		65864B0883921ACE45A98B36 /* Models */ = {
			isa = PBXGroup;
			children = (
				1017C45827EC218BB0FC48DF /* QuotaAccessState.swift */,
				20154FE33FF34E5B80836179 /* QuotaSnapshot.swift */,
			);
			path = Models;
			sourceTree = "<group>";
		};
		67C79703BED596995C391535 /* Products */ = {
			isa = PBXGroup;
			children = (
				1C83EB9B3B6214BFF9B082A4 /* SynView.app */,
				B80965AEF67833C9EB9DC6DD /* SynViewTests.xctest */,
			);
			name = Products;
			sourceTree = "<group>";
		};
		6891309F57B664C2EF15477F /* App */ = {
			isa = PBXGroup;
			children = (
				55AB9F77DA35D6FB6831DA1B /* AppAppearance.swift */,
				5435F0FFB4958EE18E609BB9 /* SynViewApp.swift */,
				EE0F63775419D4D6BBF01C1B /* UsageLayout.swift */,
				DFB4029C87CE88B74AD0A5E3 /* UsageStore.swift */,
			);
			path = App;
			sourceTree = "<group>";
		};
		6A41FA2129EE31AE1D0CEB35 /* Fonts */ = {
			isa = PBXGroup;
			children = (
				5D35423C693D9C4C8DBA63D8 /* LilitaOne-Regular.ttf */,
				1939391E66BFD2D453D27E05 /* OFL.txt */,
			);
			path = Fonts;
			sourceTree = "<group>";
		};
		721AE2D86CEBA3D2971956A1 /* SynView */ = {
			isa = PBXGroup;
			children = (
				13F4EFD20F941B2B9387898D /* Assets.xcassets */,
				7D350C7940491E7B8732EF44 /* Info.plist */,
				6891309F57B664C2EF15477F /* App */,
				65864B0883921ACE45A98B36 /* Models */,
				A392C76F98BEC87F24EF9D74 /* Resources */,
				C73E7CA69674950ADA81AD7D /* Services */,
				58F99E31ACE31541CC341BF9 /* Views */,
			);
			path = SynView;
			sourceTree = "<group>";
		};
		A392C76F98BEC87F24EF9D74 /* Resources */ = {
			isa = PBXGroup;
			children = (
				6A41FA2129EE31AE1D0CEB35 /* Fonts */,
			);
			path = Resources;
			sourceTree = "<group>";
		};
		C73E7CA69674950ADA81AD7D /* Services */ = {
			isa = PBXGroup;
			children = (
				1EF98AE5B9C9FEF866582BEC /* APIKeyStore.swift */,
				136377BB27CE1C317A131288 /* SyntheticClient.swift */,
			);
			path = Services;
			sourceTree = "<group>";
		};
/* End PBXGroup section */

/* Begin PBXNativeTarget section */
		A0C9DD275DACC34B9540A662 /* SynViewTests */ = {
			isa = PBXNativeTarget;
			buildConfigurationList = 6EDA721AD11C07759D398363 /* Build configuration list for PBXNativeTarget "SynViewTests" */;
			buildPhases = (
				12B83778341A569A2BEDB225 /* Sources */,
			);
			buildRules = (
			);
			dependencies = (
				527B13AAEAAD4976209E0403 /* PBXTargetDependency */,
			);
			name = SynViewTests;
			packageProductDependencies = (
			);
			productName = SynViewTests;
			productReference = B80965AEF67833C9EB9DC6DD /* SynViewTests.xctest */;
			productType = "com.apple.product-type.bundle.unit-test";
		};
		CF6B7BB5DF13DEF506707A1E /* SynView */ = {
			isa = PBXNativeTarget;
			buildConfigurationList = 41CFEB8F75FF876787E9BF4A /* Build configuration list for PBXNativeTarget "SynView" */;
			buildPhases = (
				79704D53802649480AA05946 /* Sources */,
				CAFB81A2BB01AE4C9C8F9D55 /* Resources */,
			);
			buildRules = (
			);
			dependencies = (
			);
			name = SynView;
			packageProductDependencies = (
			);
			productName = SynView;
			productReference = 1C83EB9B3B6214BFF9B082A4 /* SynView.app */;
			productType = "com.apple.product-type.application";
		};
/* End PBXNativeTarget section */

/* Begin PBXProject section */
		A1E47707E6DDD81720E9DF9B /* Project object */ = {
			isa = PBXProject;
			attributes = {
				BuildIndependentTargetsInParallel = YES;
				LastUpgradeCheck = 1430;
				TargetAttributes = {
					A0C9DD275DACC34B9540A662 = {
						DevelopmentTeam = 7CNK4YPCQX;
						ProvisioningStyle = Automatic;
					};
					CF6B7BB5DF13DEF506707A1E = {
						DevelopmentTeam = 7CNK4YPCQX;
						ProvisioningStyle = Automatic;
					};
				};
			};
			buildConfigurationList = A418858F3C99DFD0F0F7676D /* Build configuration list for PBXProject "SynView" */;
			developmentRegion = en;
			hasScannedForEncodings = 0;
			knownRegions = (
				Base,
				en,
			);
			mainGroup = 1748B6688A399C6E7F025A81;
			minimizedProjectReferenceProxies = 1;
			preferredProjectObjectVersion = 77;
			productRefGroup = 67C79703BED596995C391535 /* Products */;
			projectDirPath = "";
			projectRoot = "";
			targets = (
				CF6B7BB5DF13DEF506707A1E /* SynView */,
				A0C9DD275DACC34B9540A662 /* SynViewTests */,
			);
		};
/* End PBXProject section */

/* Begin PBXResourcesBuildPhase section */
		CAFB81A2BB01AE4C9C8F9D55 /* Resources */ = {
			isa = PBXResourcesBuildPhase;
			buildActionMask = 2147483647;
			files = (
				6013991B2B103C432E584BE7 /* Assets.xcassets in Resources */,
				633BAB0DF9D7BFE40ADA1B3A /* LilitaOne-Regular.ttf in Resources */,
				18BB6E7EECAC5B47104B056B /* OFL.txt in Resources */,
			);
			runOnlyForDeploymentPostprocessing = 0;
		};
/* End PBXResourcesBuildPhase section */

/* Begin PBXSourcesBuildPhase section */
		12B83778341A569A2BEDB225 /* Sources */ = {
			isa = PBXSourcesBuildPhase;
			buildActionMask = 2147483647;
			files = (
				A3D9EA06B2EAAF82D0D7400B /* QuotaSnapshotTests.swift in Sources */,
			);
			runOnlyForDeploymentPostprocessing = 0;
		};
		79704D53802649480AA05946 /* Sources */ = {
			isa = PBXSourcesBuildPhase;
			buildActionMask = 2147483647;
			files = (
				0A5AA47F34156D3A940C8481 /* APIKeyStore.swift in Sources */,
				51772FED46016927F9896F41 /* AppAppearance.swift in Sources */,
				D8B4F8CBD56D9D5D850C1364 /* DashboardView.swift in Sources */,
				22E954EAD255AA14EAA2EBD2 /* QuotaAccessState.swift in Sources */,
				3697E3C31F15A42D2E3AF654 /* QuotaSnapshot.swift in Sources */,
				FE2F6238BD9B7C309FB735B3 /* RootView.swift in Sources */,
				AC8981E481A68315AFD3486D /* SettingsView.swift in Sources */,
				FA13C769A0B85B5B655323C9 /* SetupView.swift in Sources */,
				77BBACDB6661B7BA4A5DEDC6 /* Style.swift in Sources */,
				4D6ACEBFFE5F4D3CA95BBA6A /* SynViewApp.swift in Sources */,
				D0975CC115D3BAE7CA9ED5F8 /* SyntheticClient.swift in Sources */,
				8C837C7174871A195A7AED4C /* UsageLayout.swift in Sources */,
				D747B3AA2F59877F8E04267C /* UsageStore.swift in Sources */,
			);
			runOnlyForDeploymentPostprocessing = 0;
		};
/* End PBXSourcesBuildPhase section */

/* Begin PBXTargetDependency section */
		527B13AAEAAD4976209E0403 /* PBXTargetDependency */ = {
			isa = PBXTargetDependency;
			target = CF6B7BB5DF13DEF506707A1E /* SynView */;
			targetProxy = B031FC7AD8EF38640F4D5272 /* PBXContainerItemProxy */;
		};
/* End PBXTargetDependency section */

/* Begin XCBuildConfiguration section */
		220FAC8E0DE6025931D9151F /* Debug */ = {
			isa = XCBuildConfiguration;
			buildSettings = {
				BUNDLE_LOADER = "$(TEST_HOST)";
				LD_RUNPATH_SEARCH_PATHS = (
					"$(inherited)",
					"@executable_path/Frameworks",
					"@loader_path/Frameworks",
				);
				PRODUCT_BUNDLE_IDENTIFIER = com.interactivebuffoonery.synview.tests;
				SDKROOT = iphoneos;
				TARGETED_DEVICE_FAMILY = "1,2";
				TEST_HOST = "$(BUILT_PRODUCTS_DIR)/SynView.app/SynView";
			};
			name = Debug;
		};
		526A9E0780402E1F6A6C6A84 /* Debug */ = {
			isa = XCBuildConfiguration;
			buildSettings = {
				ALWAYS_SEARCH_USER_PATHS = NO;
				CLANG_ANALYZER_NONNULL = YES;
				CLANG_ANALYZER_NUMBER_OBJECT_CONVERSION = YES_AGGRESSIVE;
				CLANG_CXX_LANGUAGE_STANDARD = "gnu++14";
				CLANG_CXX_LIBRARY = "libc++";
				CLANG_ENABLE_MODULES = YES;
				CLANG_ENABLE_OBJC_ARC = YES;
				CLANG_ENABLE_OBJC_WEAK = YES;
				CLANG_WARN_BLOCK_CAPTURE_AUTORELEASING = YES;
				CLANG_WARN_BOOL_CONVERSION = YES;
				CLANG_WARN_COMMA = YES;
				CLANG_WARN_CONSTANT_CONVERSION = YES;
				CLANG_WARN_DEPRECATED_OBJC_IMPLEMENTATIONS = YES;
				CLANG_WARN_DIRECT_OBJC_ISA_USAGE = YES_ERROR;
				CLANG_WARN_DOCUMENTATION_COMMENTS = YES;
				CLANG_WARN_EMPTY_BODY = YES;
				CLANG_WARN_ENUM_CONVERSION = YES;
				CLANG_WARN_INFINITE_RECURSION = YES;
				CLANG_WARN_INT_CONVERSION = YES;
				CLANG_WARN_NON_LITERAL_NULL_CONVERSION = YES;
				CLANG_WARN_OBJC_IMPLICIT_RETAIN_SELF = YES;
				CLANG_WARN_OBJC_LITERAL_CONVERSION = YES;
				CLANG_WARN_OBJC_ROOT_CLASS = YES_ERROR;
				CLANG_WARN_QUOTED_INCLUDE_IN_FRAMEWORK_HEADER = YES;
				CLANG_WARN_RANGE_LOOP_ANALYSIS = YES;
				CLANG_WARN_STRICT_PROTOTYPES = YES;
				CLANG_WARN_SUSPICIOUS_MOVE = YES;
				CLANG_WARN_UNGUARDED_AVAILABILITY = YES_AGGRESSIVE;
				CLANG_WARN_UNREACHABLE_CODE = YES;
				CLANG_WARN__DUPLICATE_METHOD_MATCH = YES;
				CODE_SIGN_STYLE = Automatic;
				COPY_PHASE_STRIP = NO;
				CURRENT_PROJECT_VERSION = 1;
				DEBUG_INFORMATION_FORMAT = dwarf;
				DEVELOPMENT_TEAM = 7CNK4YPCQX;
				ENABLE_STRICT_OBJC_MSGSEND = YES;
				ENABLE_TESTABILITY = YES;
				GCC_C_LANGUAGE_STANDARD = gnu11;
				GCC_DYNAMIC_NO_PIC = NO;
				GCC_NO_COMMON_BLOCKS = YES;
				GCC_OPTIMIZATION_LEVEL = 0;
				GCC_PREPROCESSOR_DEFINITIONS = (
					"$(inherited)",
					"DEBUG=1",
				);
				GCC_WARN_64_TO_32_BIT_CONVERSION = YES;
				GCC_WARN_ABOUT_RETURN_TYPE = YES_ERROR;
				GCC_WARN_UNDECLARED_SELECTOR = YES;
				GCC_WARN_UNINITIALIZED_AUTOS = YES_AGGRESSIVE;
				GCC_WARN_UNUSED_FUNCTION = YES;
				GCC_WARN_UNUSED_VARIABLE = YES;
				GENERATE_INFOPLIST_FILE = YES;
				IPHONEOS_DEPLOYMENT_TARGET = 17.0;
				MARKETING_VERSION = 1.0;
				MTL_ENABLE_DEBUG_INFO = INCLUDE_SOURCE;
				MTL_FAST_MATH = YES;
				ONLY_ACTIVE_ARCH = YES;
				PRODUCT_NAME = "$(TARGET_NAME)";
				SDKROOT = iphoneos;
				SWIFT_ACTIVE_COMPILATION_CONDITIONS = DEBUG;
				SWIFT_OPTIMIZATION_LEVEL = "-Onone";
				SWIFT_VERSION = 6.0;
			};
			name = Debug;
		};
		91FEDBF6FDE67330E389FA8D /* Release */ = {
			isa = XCBuildConfiguration;
			buildSettings = {
				BUNDLE_LOADER = "$(TEST_HOST)";
				LD_RUNPATH_SEARCH_PATHS = (
					"$(inherited)",
					"@executable_path/Frameworks",
					"@loader_path/Frameworks",
				);
				PRODUCT_BUNDLE_IDENTIFIER = com.interactivebuffoonery.synview.tests;
				SDKROOT = iphoneos;
				TARGETED_DEVICE_FAMILY = "1,2";
				TEST_HOST = "$(BUILT_PRODUCTS_DIR)/SynView.app/SynView";
			};
			name = Release;
		};
		DD368343EC2F14A9DF807CB0 /* Release */ = {
			isa = XCBuildConfiguration;
			buildSettings = {
				ASSETCATALOG_COMPILER_APPICON_NAME = AppIcon;
				ASSETCATALOG_COMPILER_GLOBAL_ACCENT_COLOR_NAME = AccentColor;
				CODE_SIGN_IDENTITY = "iPhone Developer";
				INFOPLIST_FILE = SynView/Info.plist;
				LD_RUNPATH_SEARCH_PATHS = (
					"$(inherited)",
					"@executable_path/Frameworks",
				);
				PRODUCT_BUNDLE_IDENTIFIER = com.interactivebuffoonery.synview;
				PRODUCT_NAME = SynView;
				SDKROOT = iphoneos;
				TARGETED_DEVICE_FAMILY = 1;
			};
			name = Release;
		};
		E48BF2EB5674C5EEE5A7955F /* Debug */ = {
			isa = XCBuildConfiguration;
			buildSettings = {
				ASSETCATALOG_COMPILER_APPICON_NAME = AppIcon;
				ASSETCATALOG_COMPILER_GLOBAL_ACCENT_COLOR_NAME = AccentColor;
				CODE_SIGN_IDENTITY = "iPhone Developer";
				INFOPLIST_FILE = SynView/Info.plist;
				LD_RUNPATH_SEARCH_PATHS = (
					"$(inherited)",
					"@executable_path/Frameworks",
				);
				PRODUCT_BUNDLE_IDENTIFIER = com.interactivebuffoonery.synview;
				PRODUCT_NAME = SynView;
				SDKROOT = iphoneos;
				TARGETED_DEVICE_FAMILY = 1;
			};
			name = Debug;
		};
		EA85BE3704D54A3BF5B8AF0D /* Release */ = {
			isa = XCBuildConfiguration;
			buildSettings = {
				ALWAYS_SEARCH_USER_PATHS = NO;
				CLANG_ANALYZER_NONNULL = YES;
				CLANG_ANALYZER_NUMBER_OBJECT_CONVERSION = YES_AGGRESSIVE;
				CLANG_CXX_LANGUAGE_STANDARD = "gnu++14";
				CLANG_CXX_LIBRARY = "libc++";
				CLANG_ENABLE_MODULES = YES;
				CLANG_ENABLE_OBJC_ARC = YES;
				CLANG_ENABLE_OBJC_WEAK = YES;
				CLANG_WARN_BLOCK_CAPTURE_AUTORELEASING = YES;
				CLANG_WARN_BOOL_CONVERSION = YES;
				CLANG_WARN_COMMA = YES;
				CLANG_WARN_CONSTANT_CONVERSION = YES;
				CLANG_WARN_DEPRECATED_OBJC_IMPLEMENTATIONS = YES;
				CLANG_WARN_DIRECT_OBJC_ISA_USAGE = YES_ERROR;
				CLANG_WARN_DOCUMENTATION_COMMENTS = YES;
				CLANG_WARN_EMPTY_BODY = YES;
				CLANG_WARN_ENUM_CONVERSION = YES;
				CLANG_WARN_INFINITE_RECURSION = YES;
				CLANG_WARN_INT_CONVERSION = YES;
				CLANG_WARN_NON_LITERAL_NULL_CONVERSION = YES;
				CLANG_WARN_OBJC_IMPLICIT_RETAIN_SELF = YES;
				CLANG_WARN_OBJC_LITERAL_CONVERSION = YES;
				CLANG_WARN_OBJC_ROOT_CLASS = YES_ERROR;
				CLANG_WARN_QUOTED_INCLUDE_IN_FRAMEWORK_HEADER = YES;
				CLANG_WARN_RANGE_LOOP_ANALYSIS = YES;
				CLANG_WARN_STRICT_PROTOTYPES = YES;
				CLANG_WARN_SUSPICIOUS_MOVE = YES;
				CLANG_WARN_UNGUARDED_AVAILABILITY = YES_AGGRESSIVE;
				CLANG_WARN_UNREACHABLE_CODE = YES;
				CLANG_WARN__DUPLICATE_METHOD_MATCH = YES;
				CODE_SIGN_STYLE = Automatic;
				COPY_PHASE_STRIP = NO;
				CURRENT_PROJECT_VERSION = 1;
				DEBUG_INFORMATION_FORMAT = "dwarf-with-dsym";
				DEVELOPMENT_TEAM = 7CNK4YPCQX;
				ENABLE_NS_ASSERTIONS = NO;
				ENABLE_STRICT_OBJC_MSGSEND = YES;
				GCC_C_LANGUAGE_STANDARD = gnu11;
				GCC_NO_COMMON_BLOCKS = YES;
				GCC_WARN_64_TO_32_BIT_CONVERSION = YES;
				GCC_WARN_ABOUT_RETURN_TYPE = YES_ERROR;
				GCC_WARN_UNDECLARED_SELECTOR = YES;
				GCC_WARN_UNINITIALIZED_AUTOS = YES_AGGRESSIVE;
				GCC_WARN_UNUSED_FUNCTION = YES;
				GCC_WARN_UNUSED_VARIABLE = YES;
				GENERATE_INFOPLIST_FILE = YES;
				IPHONEOS_DEPLOYMENT_TARGET = 17.0;
				MARKETING_VERSION = 1.0;
				MTL_ENABLE_DEBUG_INFO = NO;
				MTL_FAST_MATH = YES;
				PRODUCT_NAME = "$(TARGET_NAME)";
				SDKROOT = iphoneos;
				SWIFT_COMPILATION_MODE = wholemodule;
				SWIFT_OPTIMIZATION_LEVEL = "-O";
				SWIFT_VERSION = 6.0;
			};
			name = Release;
		};
/* End XCBuildConfiguration section */

/* Begin XCConfigurationList section */
		41CFEB8F75FF876787E9BF4A /* Build configuration list for PBXNativeTarget "SynView" */ = {
			isa = XCConfigurationList;
			buildConfigurations = (
				E48BF2EB5674C5EEE5A7955F /* Debug */,
				DD368343EC2F14A9DF807CB0 /* Release */,
			);
			defaultConfigurationIsVisible = 0;
			defaultConfigurationName = Debug;
		};
		6EDA721AD11C07759D398363 /* Build configuration list for PBXNativeTarget "SynViewTests" */ = {
			isa = XCConfigurationList;
			buildConfigurations = (
				220FAC8E0DE6025931D9151F /* Debug */,
				91FEDBF6FDE67330E389FA8D /* Release */,
			);
			defaultConfigurationIsVisible = 0;
			defaultConfigurationName = Debug;
		};
		A418858F3C99DFD0F0F7676D /* Build configuration list for PBXProject "SynView" */ = {
			isa = XCConfigurationList;
			buildConfigurations = (
				526A9E0780402E1F6A6C6A84 /* Debug */,
				EA85BE3704D54A3BF5B8AF0D /* Release */,
			);
			defaultConfigurationIsVisible = 0;
			defaultConfigurationName = Debug;
		};
/* End XCConfigurationList section */
	};
	rootObject = A1E47707E6DDD81720E9DF9B /* Project object */;
}
